// !$*UTF8*$!
{
	archiveVersion = 1;
	classes = {
	};
	objectVersion = 46;
	objects = {

/* Begin PBXBuildFile section */
		6818EF721E36448700407BDA /* main.m in Sources */ = {isa = PBXBuildFile; fileRef = 6818EF711E36448700407BDA /* main.m */; };
		6818EF751E36448700407BDA /* AppDelegate.m in Sources */ = {isa = PBXBuildFile; fileRef = 6818EF741E36448700407BDA /* AppDelegate.m */; };
		6818EF7E1E36448700407BDA /* Main.storyboard in Resources */ = {isa = PBXBuildFile; fileRef = 6818EF7C1E36448700407BDA /* Main.storyboard */; };
		6818EF801E36448700407BDA /* Assets.xcassets in Resources */ = {isa = PBXBuildFile; fileRef = 6818EF7F1E36448700407BDA /* Assets.xcassets */; };
		6818EF831E36448700407BDA /* LaunchScreen.storyboard in Resources */ = {isa = PBXBuildFile; fileRef = 6818EF811E36448700407BDA /* LaunchScreen.storyboard */; };
		6818EF8E1E36448700407BDA /* Drug_DeliveryTests.m in Sources */ = {isa = PBXBuildFile; fileRef = 6818EF8D1E36448700407BDA /* Drug_DeliveryTests.m */; };
		6818EF991E36448700407BDA /* Drug_DeliveryUITests.m in Sources */ = {isa = PBXBuildFile; fileRef = 6818EF981E36448700407BDA /* Drug_DeliveryUITests.m */; };
		6818EFA81E364B7900407BDA /* PatientViewController.m in Sources */ = {isa = PBXBuildFile; fileRef = 6818EFA71E364B7900407BDA /* PatientViewController.m */; };
		6818EFAD1E364F5100407BDA /* PatientTableViewController.m in Sources */ = {isa = PBXBuildFile; fileRef = 6818EFAC1E364F5100407BDA /* PatientTableViewController.m */; };
		6818EFB01E36606600407BDA /* MedicationTableViewController.m in Sources */ = {isa = PBXBuildFile; fileRef = 6818EFAF1E36606600407BDA /* MedicationTableViewController.m */; };
		6818EFB31E36607B00407BDA /* MedicationViewController.m in Sources */ = {isa = PBXBuildFile; fileRef = 6818EFB21E36607B00407BDA /* MedicationViewController.m */; };
		6818EFB71E36667C00407BDA /* Model.xcdatamodeld in Sources */ = {isa = PBXBuildFile; fileRef = 6818EFB51E36667C00407BDA /* Model.xcdatamodeld */; };
		6818EFC01E36677E00407BDA /* Patient.m in Sources */ = {isa = PBXBuildFile; fileRef = 6818EFB91E36677E00407BDA /* Patient.m */; };
		6818EFC21E36677E00407BDA /* Medication.m in Sources */ = {isa = PBXBuildFile; fileRef = 6818EFBD1E36677E00407BDA /* Medication.m */; };
		6818EFC71E3668CB00407BDA /* CoreDataHelper.m in Sources */ = {isa = PBXBuildFile; fileRef = 6818EFC61E3668CB00407BDA /* CoreDataHelper.m */; };
		6818EFCA1E3668E900407BDA /* CoreData.framework in Frameworks */ = {isa = PBXBuildFile; fileRef = 6818EFC91E3668E900407BDA /* CoreData.framework */; };
		6818EFCC1E3668F100407BDA /* CoreBluetooth.framework in Frameworks */ = {isa = PBXBuildFile; fileRef = 6818EFCB1E3668F100407BDA /* CoreBluetooth.framework */; };
		6818EFCF1E366B3700407BDA /* CoreDataTableViewController.m in Sources */ = {isa = PBXBuildFile; fileRef = 6818EFCE1E366B3700407BDA /* CoreDataTableViewController.m */; };
		6818EFD21E367AFA00407BDA /* CoreDataPickerTextField.m in Sources */ = {isa = PBXBuildFile; fileRef = 6818EFD11E367AFA00407BDA /* CoreDataPickerTextField.m */; };
		6818EFD61E36814600407BDA /* MedicationPickerTextField.m in Sources */ = {isa = PBXBuildFile; fileRef = 6818EFD51E36814600407BDA /* MedicationPickerTextField.m */; };
		682BA34F1E3A78AA0013CC9A /* DataExchangeViewController.m in Sources */ = {isa = PBXBuildFile; fileRef = 682BA34E1E3A78AA0013CC9A /* DataExchangeViewController.m */; };
		683A43401E3BC80800B18384 /* ScanBLEViewController.m in Sources */ = {isa = PBXBuildFile; fileRef = 683A433F1E3BC80800B18384 /* ScanBLEViewController.m */; };
		683A43431E3BE7CC00B18384 /* DevicesTableViewController.m in Sources */ = {isa = PBXBuildFile; fileRef = 683A43421E3BE7CC00B18384 /* DevicesTableViewController.m */; };
		68E09B391E4DC6DA003F1874 /* ble_image.png in Resources */ = {isa = PBXBuildFile; fileRef = 68E09B381E4DC6DA003F1874 /* ble_image.png */; };
		68E09B3D1E4E074D003F1874 /* BLEDeviceTableViewCell.m in Sources */ = {isa = PBXBuildFile; fileRef = 68E09B3C1E4E074D003F1874 /* BLEDeviceTableViewCell.m */; };
		68E09B3F1E4E0D15003F1874 /* BLE_SMALL_IMAGE.png in Resources */ = {isa = PBXBuildFile; fileRef = 68E09B3E1E4E0D15003F1874 /* BLE_SMALL_IMAGE.png */; };
/* End PBXBuildFile section */

/* Begin PBXContainerItemProxy section */
		6818EF8A1E36448700407BDA /* PBXContainerItemProxy */ = {
			isa = PBXContainerItemProxy;
			containerPortal = 6818EF651E36448700407BDA /* Project object */;
			proxyType = 1;
			remoteGlobalIDString = 6818EF6C1E36448700407BDA;
			remoteInfo = "Drug Delivery";
		};
		6818EF951E36448700407BDA /* PBXContainerItemProxy */ = {
			isa = PBXContainerItemProxy;
			containerPortal = 6818EF651E36448700407BDA /* Project object */;
			proxyType = 1;
			remoteGlobalIDString = 6818EF6C1E36448700407BDA;
			remoteInfo = "Drug Delivery";
		};
/* End PBXContainerItemProxy section */

/* Begin PBXFileReference section */
		6818EF6D1E36448700407BDA /* Drug Delivery.app */ = {isa = PBXFileReference; explicitFileType = wrapper.application; includeInIndex = 0; path = "Drug Delivery.app"; sourceTree = BUILT_PRODUCTS_DIR; };
		6818EF711E36448700407BDA /* main.m */ = {isa = PBXFileReference; lastKnownFileType = sourcecode.c.objc; path = main.m; sourceTree = "<group>"; };
		6818EF731E36448700407BDA /* AppDelegate.h */ = {isa = PBXFileReference; lastKnownFileType = sourcecode.c.h; path = AppDelegate.h; sourceTree = "<group>"; };
		6818EF741E36448700407BDA /* AppDelegate.m */ = {isa = PBXFileReference; lastKnownFileType = sourcecode.c.objc; path = AppDelegate.m; sourceTree = "<group>"; };
		6818EF7D1E36448700407BDA /* Base */ = {isa = PBXFileReference; lastKnownFileType = file.storyboard; name = Base; path = Base.lproj/Main.storyboard; sourceTree = "<group>"; };
		6818EF7F1E36448700407BDA /* Assets.xcassets */ = {isa = PBXFileReference; lastKnownFileType = folder.assetcatalog; path = Assets.xcassets; sourceTree = "<group>"; };
		6818EF821E36448700407BDA /* Base */ = {isa = PBXFileReference; lastKnownFileType = file.storyboard; name = Base; path = Base.lproj/LaunchScreen.storyboard; sourceTree = "<group>"; };
		6818EF841E36448700407BDA /* Info.plist */ = {isa = PBXFileReference; lastKnownFileType = text.plist.xml; path = Info.plist; sourceTree = "<group>"; };
		6818EF891E36448700407BDA /* Drug DeliveryTests.xctest */ = {isa = PBXFileReference; explicitFileType = wrapper.cfbundle; includeInIndex = 0; path = "Drug DeliveryTests.xctest"; sourceTree = BUILT_PRODUCTS_DIR; };
		6818EF8D1E36448700407BDA /* Drug_DeliveryTests.m */ = {isa = PBXFileReference; lastKnownFileType = sourcecode.c.objc; path = Drug_DeliveryTests.m; sourceTree = "<group>"; };
		6818EF8F1E36448700407BDA /* Info.plist */ = {isa = PBXFileReference; lastKnownFileType = text.plist.xml; path = Info.plist; sourceTree = "<group>"; };
		6818EF941E36448700407BDA /* Drug DeliveryUITests.xctest */ = {isa = PBXFileReference; explicitFileType = wrapper.cfbundle; includeInIndex = 0; path = "Drug DeliveryUITests.xctest"; sourceTree = BUILT_PRODUCTS_DIR; };
		6818EF981E36448700407BDA /* Drug_DeliveryUITests.m */ = {isa = PBXFileReference; lastKnownFileType = sourcecode.c.objc; path = Drug_DeliveryUITests.m; sourceTree = "<group>"; };
		6818EF9A1E36448700407BDA /* Info.plist */ = {isa = PBXFileReference; lastKnownFileType = text.plist.xml; path = Info.plist; sourceTree = "<group>"; };
		6818EFA61E364B7900407BDA /* PatientViewController.h */ = {isa = PBXFileReference; fileEncoding = 4; lastKnownFileType = sourcecode.c.h; path = PatientViewController.h; sourceTree = "<group>"; };
		6818EFA71E364B7900407BDA /* PatientViewController.m */ = {isa = PBXFileReference; fileEncoding = 4; lastKnownFileType = sourcecode.c.objc; path = PatientViewController.m; sourceTree = "<group>"; };
		6818EFAB1E364F5100407BDA /* PatientTableViewController.h */ = {isa = PBXFileReference; fileEncoding = 4; lastKnownFileType = sourcecode.c.h; path = PatientTableViewController.h; sourceTree = "<group>"; };
		6818EFAC1E364F5100407BDA /* PatientTableViewController.m */ = {isa = PBXFileReference; fileEncoding = 4; lastKnownFileType = sourcecode.c.objc; path = PatientTableViewController.m; sourceTree = "<group>"; };
		6818EFAE1E36606600407BDA /* MedicationTableViewController.h */ = {isa = PBXFileReference; fileEncoding = 4; lastKnownFileType = sourcecode.c.h; path = MedicationTableViewController.h; sourceTree = "<group>"; };
		6818EFAF1E36606600407BDA /* MedicationTableViewController.m */ = {isa = PBXFileReference; fileEncoding = 4; lastKnownFileType = sourcecode.c.objc; path = MedicationTableViewController.m; sourceTree = "<group>"; };
		6818EFB11E36607B00407BDA /* MedicationViewController.h */ = {isa = PBXFileReference; fileEncoding = 4; lastKnownFileType = sourcecode.c.h; path = MedicationViewController.h; sourceTree = "<group>"; };
		6818EFB21E36607B00407BDA /* MedicationViewController.m */ = {isa = PBXFileReference; fileEncoding = 4; lastKnownFileType = sourcecode.c.objc; path = MedicationViewController.m; sourceTree = "<group>"; };
		6818EFB61E36667C00407BDA /* Model.xcdatamodel */ = {isa = PBXFileReference; lastKnownFileType = wrapper.xcdatamodel; path = Model.xcdatamodel; sourceTree = "<group>"; };
		6818EFB81E36677E00407BDA /* Patient.h */ = {isa = PBXFileReference; fileEncoding = 4; lastKnownFileType = sourcecode.c.h; name = Patient.h; path = ../Patient.h; sourceTree = "<group>"; };
		6818EFB91E36677E00407BDA /* Patient.m */ = {isa = PBXFileReference; fileEncoding = 4; lastKnownFileType = sourcecode.c.objc; name = Patient.m; path = ../Patient.m; sourceTree = "<group>"; };
		6818EFBC1E36677E00407BDA /* Medication.h */ = {isa = PBXFileReference; fileEncoding = 4; lastKnownFileType = sourcecode.c.h; name = Medication.h; path = ../Medication.h; sourceTree = "<group>"; };
		6818EFBD1E36677E00407BDA /* Medication.m */ = {isa = PBXFileReference; fileEncoding = 4; lastKnownFileType = sourcecode.c.objc; name = Medication.m; path = ../Medication.m; sourceTree = "<group>"; };
		6818EFC51E3668CB00407BDA /* CoreDataHelper.h */ = {isa = PBXFileReference; fileEncoding = 4; lastKnownFileType = sourcecode.c.h; path = CoreDataHelper.h; sourceTree = "<group>"; };
		6818EFC61E3668CB00407BDA /* CoreDataHelper.m */ = {isa = PBXFileReference; fileEncoding = 4; lastKnownFileType = sourcecode.c.objc; path = CoreDataHelper.m; sourceTree = "<group>"; };
		6818EFC91E3668E900407BDA /* CoreData.framework */ = {isa = PBXFileReference; lastKnownFileType = wrapper.framework; name = CoreData.framework; path = System/Library/Frameworks/CoreData.framework; sourceTree = SDKROOT; };
		6818EFCB1E3668F100407BDA /* CoreBluetooth.framework */ = {isa = PBXFileReference; lastKnownFileType = wrapper.framework; name = CoreBluetooth.framework; path = System/Library/Frameworks/CoreBluetooth.framework; sourceTree = SDKROOT; };
		6818EFCD1E366B3700407BDA /* CoreDataTableViewController.h */ = {isa = PBXFileReference; fileEncoding = 4; lastKnownFileType = sourcecode.c.h; path = CoreDataTableViewController.h; sourceTree = "<group>"; };
		6818EFCE1E366B3700407BDA /* CoreDataTableViewController.m */ = {isa = PBXFileReference; fileEncoding = 4; lastKnownFileType = sourcecode.c.objc; path = CoreDataTableViewController.m; sourceTree = "<group>"; };
		6818EFD01E367AFA00407BDA /* CoreDataPickerTextField.h */ = {isa = PBXFileReference; fileEncoding = 4; lastKnownFileType = sourcecode.c.h; path = CoreDataPickerTextField.h; sourceTree = "<group>"; };
		6818EFD11E367AFA00407BDA /* CoreDataPickerTextField.m */ = {isa = PBXFileReference; fileEncoding = 4; lastKnownFileType = sourcecode.c.objc; path = CoreDataPickerTextField.m; sourceTree = "<group>"; };
		6818EFD41E36814600407BDA /* MedicationPickerTextField.h */ = {isa = PBXFileReference; fileEncoding = 4; lastKnownFileType = sourcecode.c.h; path = MedicationPickerTextField.h; sourceTree = "<group>"; };
		6818EFD51E36814600407BDA /* MedicationPickerTextField.m */ = {isa = PBXFileReference; fileEncoding = 4; lastKnownFileType = sourcecode.c.objc; path = MedicationPickerTextField.m; sourceTree = "<group>"; };
		682BA34D1E3A78AA0013CC9A /* DataExchangeViewController.h */ = {isa = PBXFileReference; fileEncoding = 4; lastKnownFileType = sourcecode.c.h; path = DataExchangeViewController.h; sourceTree = "<group>"; };
		682BA34E1E3A78AA0013CC9A /* DataExchangeViewController.m */ = {isa = PBXFileReference; fileEncoding = 4; lastKnownFileType = sourcecode.c.objc; path = DataExchangeViewController.m; sourceTree = "<group>"; };
		683A433E1E3BC80800B18384 /* ScanBLEViewController.h */ = {isa = PBXFileReference; fileEncoding = 4; lastKnownFileType = sourcecode.c.h; path = ScanBLEViewController.h; sourceTree = "<group>"; };
		683A433F1E3BC80800B18384 /* ScanBLEViewController.m */ = {isa = PBXFileReference; fileEncoding = 4; lastKnownFileType = sourcecode.c.objc; path = ScanBLEViewController.m; sourceTree = "<group>"; };
		683A43411E3BE7CC00B18384 /* DevicesTableViewController.h */ = {isa = PBXFileReference; fileEncoding = 4; lastKnownFileType = sourcecode.c.h; path = DevicesTableViewController.h; sourceTree = "<group>"; };
		683A43421E3BE7CC00B18384 /* DevicesTableViewController.m */ = {isa = PBXFileReference; fileEncoding = 4; lastKnownFileType = sourcecode.c.objc; path = DevicesTableViewController.m; sourceTree = "<group>"; };
		68E09B381E4DC6DA003F1874 /* ble_image.png */ = {isa = PBXFileReference; lastKnownFileType = image.png; name = ble_image.png; path = ../ble_image.png; sourceTree = "<group>"; };
		68E09B3B1E4E074D003F1874 /* BLEDeviceTableViewCell.h */ = {isa = PBXFileReference; fileEncoding = 4; lastKnownFileType = sourcecode.c.h; path = BLEDeviceTableViewCell.h; sourceTree = "<group>"; };
		68E09B3C1E4E074D003F1874 /* BLEDeviceTableViewCell.m */ = {isa = PBXFileReference; fileEncoding = 4; lastKnownFileType = sourcecode.c.objc; path = BLEDeviceTableViewCell.m; sourceTree = "<group>"; };
		68E09B3E1E4E0D15003F1874 /* BLE_SMALL_IMAGE.png */ = {isa = PBXFileReference; lastKnownFileType = image.png; path = BLE_SMALL_IMAGE.png; sourceTree = "<group>"; };
/* End PBXFileReference section */

/* Begin PBXFrameworksBuildPhase section */
		6818EF6A1E36448700407BDA /* Frameworks */ = {
			isa = PBXFrameworksBuildPhase;
			buildActionMask = 2147483647;
			files = (
				6818EFCC1E3668F100407BDA /* CoreBluetooth.framework in Frameworks */,
				6818EFCA1E3668E900407BDA /* CoreData.framework in Frameworks */,
			);
			runOnlyForDeploymentPostprocessing = 0;
		};
		6818EF861E36448700407BDA /* Frameworks */ = {
			isa = PBXFrameworksBuildPhase;
			buildActionMask = 2147483647;
			files = (
			);
			runOnlyForDeploymentPostprocessing = 0;
		};
		6818EF911E36448700407BDA /* Frameworks */ = {
			isa = PBXFrameworksBuildPhase;
			buildActionMask = 2147483647;
			files = (
			);
			runOnlyForDeploymentPostprocessing = 0;
		};
/* End PBXFrameworksBuildPhase section */

/* Begin PBXGroup section */
		6818EF641E36448700407BDA = {
			isa = PBXGroup;
			children = (
				6818EF6F1E36448700407BDA /* Drug Delivery */,
				6818EF8C1E36448700407BDA /* Drug DeliveryTests */,
				6818EF971E36448700407BDA /* Drug DeliveryUITests */,
				6818EF6E1E36448700407BDA /* Products */,
				6818EFC81E3668E800407BDA /* Frameworks */,
			);
			sourceTree = "<group>";
		};
		6818EF6E1E36448700407BDA /* Products */ = {
			isa = PBXGroup;
			children = (
				6818EF6D1E36448700407BDA /* Drug Delivery.app */,
				6818EF891E36448700407BDA /* Drug DeliveryTests.xctest */,
				6818EF941E36448700407BDA /* Drug DeliveryUITests.xctest */,
			);
			name = Products;
			sourceTree = "<group>";
		};
		6818EF6F1E36448700407BDA /* Drug Delivery */ = {
			isa = PBXGroup;
			children = (
				6818EFD71E37935200407BDA /* Core Bluetooth */,
				6818EFD31E36811D00407BDA /* PickerTextField */,
				6818EFC41E3668B900407BDA /* Generic Classes */,
				6818EFB41E36667000407BDA /* DataModel */,
				6818EFAA1E364F3800407BDA /* TableViewControllers */,
				6818EFA91E364BB500407BDA /* ViewControllers */,
				6818EF731E36448700407BDA /* AppDelegate.h */,
				6818EF741E36448700407BDA /* AppDelegate.m */,
				6818EF7C1E36448700407BDA /* Main.storyboard */,
				6818EF7F1E36448700407BDA /* Assets.xcassets */,
				6818EF811E36448700407BDA /* LaunchScreen.storyboard */,
				6818EF841E36448700407BDA /* Info.plist */,
				68E09B381E4DC6DA003F1874 /* ble_image.png */,
				68E09B3E1E4E0D15003F1874 /* BLE_SMALL_IMAGE.png */,
				6818EF701E36448700407BDA /* Supporting Files */,
			);
			path = "Drug Delivery";
			sourceTree = "<group>";
		};
		6818EF701E36448700407BDA /* Supporting Files */ = {
			isa = PBXGroup;
			children = (
				6818EF711E36448700407BDA /* main.m */,
			);
			name = "Supporting Files";
			sourceTree = "<group>";
		};
		6818EF8C1E36448700407BDA /* Drug DeliveryTests */ = {
			isa = PBXGroup;
			children = (
				6818EF8D1E36448700407BDA /* Drug_DeliveryTests.m */,
				6818EF8F1E36448700407BDA /* Info.plist */,
			);
			path = "Drug DeliveryTests";
			sourceTree = "<group>";
		};
		6818EF971E36448700407BDA /* Drug DeliveryUITests */ = {
			isa = PBXGroup;
			children = (
				6818EF981E36448700407BDA /* Drug_DeliveryUITests.m */,
				6818EF9A1E36448700407BDA /* Info.plist */,
			);
			path = "Drug DeliveryUITests";
			sourceTree = "<group>";
		};
		6818EFA91E364BB500407BDA /* ViewControllers */ = {
			isa = PBXGroup;
			children = (
				6818EFA61E364B7900407BDA /* PatientViewController.h */,
				6818EFA71E364B7900407BDA /* PatientViewController.m */,
				6818EFB11E36607B00407BDA /* MedicationViewController.h */,
				6818EFB21E36607B00407BDA /* MedicationViewController.m */,
			);
			name = ViewControllers;
			sourceTree = "<group>";
		};
		6818EFAA1E364F3800407BDA /* TableViewControllers */ = {
			isa = PBXGroup;
			children = (
				6818EFAB1E364F5100407BDA /* PatientTableViewController.h */,
				6818EFAC1E364F5100407BDA /* PatientTableViewController.m */,
				6818EFAE1E36606600407BDA /* MedicationTableViewController.h */,
				6818EFAF1E36606600407BDA /* MedicationTableViewController.m */,
			);
			name = TableViewControllers;
			sourceTree = "<group>";
		};
		6818EFB41E36667000407BDA /* DataModel */ = {
			isa = PBXGroup;
			children = (
				6818EFB81E36677E00407BDA /* Patient.h */,
				6818EFB91E36677E00407BDA /* Patient.m */,
				6818EFBC1E36677E00407BDA /* Medication.h */,
				6818EFBD1E36677E00407BDA /* Medication.m */,
				6818EFB51E36667C00407BDA /* Model.xcdatamodeld */,
			);
			name = DataModel;
			sourceTree = "<group>";
		};
		6818EFC41E3668B900407BDA /* Generic Classes */ = {
			isa = PBXGroup;
			children = (
				6818EFC51E3668CB00407BDA /* CoreDataHelper.h */,
				6818EFC61E3668CB00407BDA /* CoreDataHelper.m */,
				6818EFCD1E366B3700407BDA /* CoreDataTableViewController.h */,
				6818EFCE1E366B3700407BDA /* CoreDataTableViewController.m */,
				6818EFD01E367AFA00407BDA /* CoreDataPickerTextField.h */,
				6818EFD11E367AFA00407BDA /* CoreDataPickerTextField.m */,
			);
			name = "Generic Classes";
			sourceTree = "<group>";
		};
		6818EFC81E3668E800407BDA /* Frameworks */ = {
			isa = PBXGroup;
			children = (
				6818EFCB1E3668F100407BDA /* CoreBluetooth.framework */,
				6818EFC91E3668E900407BDA /* CoreData.framework */,
			);
			name = Frameworks;
			sourceTree = "<group>";
		};
		6818EFD31E36811D00407BDA /* PickerTextField */ = {
			isa = PBXGroup;
			children = (
				6818EFD41E36814600407BDA /* MedicationPickerTextField.h */,
				6818EFD51E36814600407BDA /* MedicationPickerTextField.m */,
			);
			name = PickerTextField;
			sourceTree = "<group>";
		};
		6818EFD71E37935200407BDA /* Core Bluetooth */ = {
			isa = PBXGroup;
			children = (
				682BA34C1E3A78900013CC9A /* ViewControllers */,
				682BA34B1E3A787F0013CC9A /* TableViewControllers */,
			);
			name = "Core Bluetooth";
			sourceTree = "<group>";
		};
		682BA34B1E3A787F0013CC9A /* TableViewControllers */ = {
			isa = PBXGroup;
			children = (
				68E09B3A1E4E071D003F1874 /* Custom Cell */,
				683A43411E3BE7CC00B18384 /* DevicesTableViewController.h */,
				683A43421E3BE7CC00B18384 /* DevicesTableViewController.m */,
			);
			name = TableViewControllers;
			sourceTree = "<group>";
		};
		682BA34C1E3A78900013CC9A /* ViewControllers */ = {
			isa = PBXGroup;
			children = (
				682BA34D1E3A78AA0013CC9A /* DataExchangeViewController.h */,
				682BA34E1E3A78AA0013CC9A /* DataExchangeViewController.m */,
				683A433E1E3BC80800B18384 /* ScanBLEViewController.h */,
				683A433F1E3BC80800B18384 /* ScanBLEViewController.m */,
			);
			name = ViewControllers;
			sourceTree = "<group>";
		};
		68E09B3A1E4E071D003F1874 /* Custom Cell */ = {
			isa = PBXGroup;
			children = (
				68E09B3B1E4E074D003F1874 /* BLEDeviceTableViewCell.h */,
				68E09B3C1E4E074D003F1874 /* BLEDeviceTableViewCell.m */,
			);
			name = "Custom Cell";
			sourceTree = "<group>";
		};
/* End PBXGroup section */

/* Begin PBXNativeTarget section */
		6818EF6C1E36448700407BDA /* Drug Delivery */ = {
			isa = PBXNativeTarget;
			buildConfigurationList = 6818EF9D1E36448700407BDA /* Build configuration list for PBXNativeTarget "Drug Delivery" */;
			buildPhases = (
				6818EF691E36448700407BDA /* Sources */,
				6818EF6A1E36448700407BDA /* Frameworks */,
				6818EF6B1E36448700407BDA /* Resources */,
			);
			buildRules = (
			);
			dependencies = (
			);
			name = "Drug Delivery";
			productName = "Drug Delivery";
			productReference = 6818EF6D1E36448700407BDA /* Drug Delivery.app */;
			productType = "com.apple.product-type.application";
		};
		6818EF881E36448700407BDA /* Drug DeliveryTests */ = {
			isa = PBXNativeTarget;
			buildConfigurationList = 6818EFA01E36448700407BDA /* Build configuration list for PBXNativeTarget "Drug DeliveryTests" */;
			buildPhases = (
				6818EF851E36448700407BDA /* Sources */,
				6818EF861E36448700407BDA /* Frameworks */,
				6818EF871E36448700407BDA /* Resources */,
			);
			buildRules = (
			);
			dependencies = (
				6818EF8B1E36448700407BDA /* PBXTargetDependency */,
			);
			name = "Drug DeliveryTests";
			productName = "Drug DeliveryTests";
			productReference = 6818EF891E36448700407BDA /* Drug DeliveryTests.xctest */;
			productType = "com.apple.product-type.bundle.unit-test";
		};
		6818EF931E36448700407BDA /* Drug DeliveryUITests */ = {
			isa = PBXNativeTarget;
			buildConfigurationList = 6818EFA31E36448700407BDA /* Build configuration list for PBXNativeTarget "Drug DeliveryUITests" */;
			buildPhases = (
				6818EF901E36448700407BDA /* Sources */,
				6818EF911E36448700407BDA /* Frameworks */,
				6818EF921E36448700407BDA /* Resources */,
			);
			buildRules = (
			);
			dependencies = (
				6818EF961E36448700407BDA /* PBXTargetDependency */,
			);
			name = "Drug DeliveryUITests";
			productName = "Drug DeliveryUITests";
			productReference = 6818EF941E36448700407BDA /* Drug DeliveryUITests.xctest */;
			productType = "com.apple.product-type.bundle.ui-testing";
		};
/* End PBXNativeTarget section */

/* Begin PBXProject section */
		6818EF651E36448700407BDA /* Project object */ = {
			isa = PBXProject;
			attributes = {
				LastUpgradeCheck = 0820;
				ORGANIZATIONNAME = "University of Leeds";
				TargetAttributes = {
					6818EF6C1E36448700407BDA = {
						CreatedOnToolsVersion = 8.2.1;
						DevelopmentTeam = NWLC2M99YQ;
						ProvisioningStyle = Automatic;
					};
					6818EF881E36448700407BDA = {
						CreatedOnToolsVersion = 8.2.1;
						DevelopmentTeam = NWLC2M99YQ;
						ProvisioningStyle = Automatic;
						TestTargetID = 6818EF6C1E36448700407BDA;
					};
					6818EF931E36448700407BDA = {
						CreatedOnToolsVersion = 8.2.1;
						DevelopmentTeam = NWLC2M99YQ;
						ProvisioningStyle = Automatic;
						TestTargetID = 6818EF6C1E36448700407BDA;
					};
				};
			};
			buildConfigurationList = 6818EF681E36448700407BDA /* Build configuration list for PBXProject "Drug Delivery" */;
			compatibilityVersion = "Xcode 3.2";
			developmentRegion = English;
			hasScannedForEncodings = 0;
			knownRegions = (
				en,
				Base,
			);
			mainGroup = 6818EF641E36448700407BDA;
			productRefGroup = 6818EF6E1E36448700407BDA /* Products */;
			projectDirPath = "";
			projectRoot = "";
			targets = (
				6818EF6C1E36448700407BDA /* Drug Delivery */,
				6818EF881E36448700407BDA /* Drug DeliveryTests */,
				6818EF931E36448700407BDA /* Drug DeliveryUITests */,
			);
		};
/* End PBXProject section */

/* Begin PBXResourcesBuildPhase section */
		6818EF6B1E36448700407BDA /* Resources */ = {
			isa = PBXResourcesBuildPhase;
			buildActionMask = 2147483647;
			files = (
				6818EF831E36448700407BDA /* LaunchScreen.storyboard in Resources */,
				68E09B391E4DC6DA003F1874 /* ble_image.png in Resources */,
				6818EF801E36448700407BDA /* Assets.xcassets in Resources */,
				6818EF7E1E36448700407BDA /* Main.storyboard in Resources */,
				68E09B3F1E4E0D15003F1874 /* BLE_SMALL_IMAGE.png in Resources */,
			);
			runOnlyForDeploymentPostprocessing = 0;
		};
		6818EF871E36448700407BDA /* Resources */ = {
			isa = PBXResourcesBuildPhase;
			buildActionMask = 2147483647;
			files = (
			);
			runOnlyForDeploymentPostprocessing = 0;
		};
		6818EF921E36448700407BDA /* Resources */ = {
			isa = PBXResourcesBuildPhase;
			buildActionMask = 2147483647;
			files = (
			);
			runOnlyForDeploymentPostprocessing = 0;
		};
/* End PBXResourcesBuildPhase section */

/* Begin PBXSourcesBuildPhase section */
		6818EF691E36448700407BDA /* Sources */ = {
			isa = PBXSourcesBuildPhase;
			buildActionMask = 2147483647;
			files = (
				6818EF751E36448700407BDA /* AppDelegate.m in Sources */,
				6818EFD61E36814600407BDA /* MedicationPickerTextField.m in Sources */,
				682BA34F1E3A78AA0013CC9A /* DataExchangeViewController.m in Sources */,
				6818EFA81E364B7900407BDA /* PatientViewController.m in Sources */,
				6818EFCF1E366B3700407BDA /* CoreDataTableViewController.m in Sources */,
				6818EFB01E36606600407BDA /* MedicationTableViewController.m in Sources */,
				6818EFC21E36677E00407BDA /* Medication.m in Sources */,
				6818EFC01E36677E00407BDA /* Patient.m in Sources */,
				683A43401E3BC80800B18384 /* ScanBLEViewController.m in Sources */,
				683A43431E3BE7CC00B18384 /* DevicesTableViewController.m in Sources */,
				68E09B3D1E4E074D003F1874 /* BLEDeviceTableViewCell.m in Sources */,
				6818EFB71E36667C00407BDA /* Model.xcdatamodeld in Sources */,
				6818EFB31E36607B00407BDA /* MedicationViewController.m in Sources */,
				6818EF721E36448700407BDA /* main.m in Sources */,
				6818EFC71E3668CB00407BDA /* CoreDataHelper.m in Sources */,
				6818EFD21E367AFA00407BDA /* CoreDataPickerTextField.m in Sources */,
				6818EFAD1E364F5100407BDA /* PatientTableViewController.m in Sources */,
			);
			runOnlyForDeploymentPostprocessing = 0;
		};
		6818EF851E36448700407BDA /* Sources */ = {
			isa = PBXSourcesBuildPhase;
			buildActionMask = 2147483647;
			files = (
				6818EF8E1E36448700407BDA /* Drug_DeliveryTests.m in Sources */,
			);
			runOnlyForDeploymentPostprocessing = 0;
		};
		6818EF901E36448700407BDA /* Sources */ = {
			isa = PBXSourcesBuildPhase;
			buildActionMask = 2147483647;
			files = (
				6818EF991E36448700407BDA /* Drug_DeliveryUITests.m in Sources */,
			);
			runOnlyForDeploymentPostprocessing = 0;
		};
/* End PBXSourcesBuildPhase section */

/* Begin PBXTargetDependency section */
		6818EF8B1E36448700407BDA /* PBXTargetDependency */ = {
			isa = PBXTargetDependency;
			target = 6818EF6C1E36448700407BDA /* Drug Delivery */;
			targetProxy = 6818EF8A1E36448700407BDA /* PBXContainerItemProxy */;
		};
		6818EF961E36448700407BDA /* PBXTargetDependency */ = {
			isa = PBXTargetDependency;
			target = 6818EF6C1E36448700407BDA /* Drug Delivery */;
			targetProxy = 6818EF951E36448700407BDA /* PBXContainerItemProxy */;
		};
/* End PBXTargetDependency section */

/* Begin PBXVariantGroup section */
		6818EF7C1E36448700407BDA /* Main.storyboard */ = {
			isa = PBXVariantGroup;
			children = (
				6818EF7D1E36448700407BDA /* Base */,
			);
			name = Main.storyboard;
			sourceTree = "<group>";
		};
		6818EF811E36448700407BDA /* LaunchScreen.storyboard */ = {
			isa = PBXVariantGroup;
			children = (
				6818EF821E36448700407BDA /* Base */,
			);
			name = LaunchScreen.storyboard;
			sourceTree = "<group>";
		};
/* End PBXVariantGroup section */

/* Begin XCBuildConfiguration section */
		6818EF9B1E36448700407BDA /* Debug */ = {
			isa = XCBuildConfiguration;
			buildSettings = {
				ALWAYS_SEARCH_USER_PATHS = NO;
				CLANG_ANALYZER_NONNULL = YES;
				CLANG_CXX_LANGUAGE_STANDARD = "gnu++0x";
				CLANG_CXX_LIBRARY = "libc++";
				CLANG_ENABLE_MODULES = YES;
				CLANG_ENABLE_OBJC_ARC = YES;
				CLANG_WARN_BOOL_CONVERSION = YES;
				CLANG_WARN_CONSTANT_CONVERSION = YES;
				CLANG_WARN_DIRECT_OBJC_ISA_USAGE = YES_ERROR;
				CLANG_WARN_DOCUMENTATION_COMMENTS = YES;
				CLANG_WARN_EMPTY_BODY = YES;
				CLANG_WARN_ENUM_CONVERSION = YES;
				CLANG_WARN_INFINITE_RECURSION = YES;
				CLANG_WARN_INT_CONVERSION = YES;
				CLANG_WARN_OBJC_ROOT_CLASS = YES_ERROR;
				CLANG_WARN_SUSPICIOUS_MOVE = YES;
				CLANG_WARN_UNREACHABLE_CODE = YES;
				CLANG_WARN__DUPLICATE_METHOD_MATCH = YES;
				"CODE_SIGN_IDENTITY[sdk=iphoneos*]" = "iPhone Developer";
				COPY_PHASE_STRIP = NO;
				DEBUG_INFORMATION_FORMAT = dwarf;
				ENABLE_STRICT_OBJC_MSGSEND = YES;
				ENABLE_TESTABILITY = YES;
				GCC_C_LANGUAGE_STANDARD = gnu99;
				GCC_DYNAMIC_NO_PIC = NO;
				GCC_NO_COMMON_BLOCKS = YES;
				GCC_OPTIMIZATION_LEVEL = 0;
				GCC_PREPROCESSOR_DEFINITIONS = (
					"DEBUG=1",
					"$(inherited)",
				);
				GCC_WARN_64_TO_32_BIT_CONVERSION = YES;
				GCC_WARN_ABOUT_RETURN_TYPE = YES_ERROR;
				GCC_WARN_UNDECLARED_SELECTOR = YES;
				GCC_WARN_UNINITIALIZED_AUTOS = YES_AGGRESSIVE;
				GCC_WARN_UNUSED_FUNCTION = YES;
				GCC_WARN_UNUSED_VARIABLE = YES;
				IPHONEOS_DEPLOYMENT_TARGET = 10.2;
				MTL_ENABLE_DEBUG_INFO = YES;
				ONLY_ACTIVE_ARCH = YES;
				SDKROOT = iphoneos;
				TARGETED_DEVICE_FAMILY = "1,2";
			};
			name = Debug;
		};
		6818EF9C1E36448700407BDA /* Release */ = {
			isa = XCBuildConfiguration;
			buildSettings = {
				ALWAYS_SEARCH_USER_PATHS = NO;
				CLANG_ANALYZER_NONNULL = YES;
				CLANG_CXX_LANGUAGE_STANDARD = "gnu++0x";
				CLANG_CXX_LIBRARY = "libc++";
				CLANG_ENABLE_MODULES = YES;
				CLANG_ENABLE_OBJC_ARC = YES;
				CLANG_WARN_BOOL_CONVERSION = YES;
				CLANG_WARN_CONSTANT_CONVERSION = YES;
				CLANG_WARN_DIRECT_OBJC_ISA_USAGE = YES_ERROR;
				CLANG_WARN_DOCUMENTATION_COMMENTS = YES;
				CLANG_WARN_EMPTY_BODY = YES;
				CLANG_WARN_ENUM_CONVERSION = YES;
				CLANG_WARN_INFINITE_RECURSION = YES;
				CLANG_WARN_INT_CONVERSION = YES;
				CLANG_WARN_OBJC_ROOT_CLASS = YES_ERROR;
				CLANG_WARN_SUSPICIOUS_MOVE = YES;
				CLANG_WARN_UNREACHABLE_CODE = YES;
				CLANG_WARN__DUPLICATE_METHOD_MATCH = YES;
				"CODE_SIGN_IDENTITY[sdk=iphoneos*]" = "iPhone Developer";
				COPY_PHASE_STRIP = NO;
				DEBUG_INFORMATION_FORMAT = "dwarf-with-dsym";
				ENABLE_NS_ASSERTIONS = NO;
				ENABLE_STRICT_OBJC_MSGSEND = YES;
				GCC_C_LANGUAGE_STANDARD = gnu99;
				GCC_NO_COMMON_BLOCKS = YES;
				GCC_WARN_64_TO_32_BIT_CONVERSION = YES;
				GCC_WARN_ABOUT_RETURN_TYPE = YES_ERROR;
				GCC_WARN_UNDECLARED_SELECTOR = YES;
				GCC_WARN_UNINITIALIZED_AUTOS = YES_AGGRESSIVE;
				GCC_WARN_UNUSED_FUNCTION = YES;
				GCC_WARN_UNUSED_VARIABLE = YES;
				IPHONEOS_DEPLOYMENT_TARGET = 10.2;
				MTL_ENABLE_DEBUG_INFO = NO;
				SDKROOT = iphoneos;
				TARGETED_DEVICE_FAMILY = "1,2";
				VALIDATE_PRODUCT = YES;
			};
			name = Release;
		};
		6818EF9E1E36448700407BDA /* Debug */ = {
			isa = XCBuildConfiguration;
			buildSettings = {
				ASSETCATALOG_COMPILER_APPICON_NAME = AppIcon;
				DEVELOPMENT_TEAM = NWLC2M99YQ;
				INFOPLIST_FILE = "Drug Delivery/Info.plist";
				LD_RUNPATH_SEARCH_PATHS = "$(inherited) @executable_path/Frameworks";
				PRODUCT_BUNDLE_IDENTIFIER = "uk.ac.leeds.Drug-Delivery";
				PRODUCT_NAME = "$(TARGET_NAME)";
			};
			name = Debug;
		};
		6818EF9F1E36448700407BDA /* Release */ = {
			isa = XCBuildConfiguration;
			buildSettings = {
				ASSETCATALOG_COMPILER_APPICON_NAME = AppIcon;
				DEVELOPMENT_TEAM = NWLC2M99YQ;
				INFOPLIST_FILE = "Drug Delivery/Info.plist";
				LD_RUNPATH_SEARCH_PATHS = "$(inherited) @executable_path/Frameworks";
				PRODUCT_BUNDLE_IDENTIFIER = "uk.ac.leeds.Drug-Delivery";
				PRODUCT_NAME = "$(TARGET_NAME)";
			};
			name = Release;
		};
		6818EFA11E36448700407BDA /* Debug */ = {
			isa = XCBuildConfiguration;
			buildSettings = {
				BUNDLE_LOADER = "$(TEST_HOST)";
				DEVELOPMENT_TEAM = NWLC2M99YQ;
				INFOPLIST_FILE = "Drug DeliveryTests/Info.plist";
				LD_RUNPATH_SEARCH_PATHS = "$(inherited) @executable_path/Frameworks @loader_path/Frameworks";
				PRODUCT_BUNDLE_IDENTIFIER = "uk.ac.leeds.Drug-DeliveryTests";
				PRODUCT_NAME = "$(TARGET_NAME)";
				TEST_HOST = "$(BUILT_PRODUCTS_DIR)/Drug Delivery.app/Drug Delivery";
			};
			name = Debug;
		};
		6818EFA21E36448700407BDA /* Release */ = {
			isa = XCBuildConfiguration;
			buildSettings = {
				BUNDLE_LOADER = "$(TEST_HOST)";
				DEVELOPMENT_TEAM = NWLC2M99YQ;
				INFOPLIST_FILE = "Drug DeliveryTests/Info.plist";
				LD_RUNPATH_SEARCH_PATHS = "$(inherited) @executable_path/Frameworks @loader_path/Frameworks";
				PRODUCT_BUNDLE_IDENTIFIER = "uk.ac.leeds.Drug-DeliveryTests";
				PRODUCT_NAME = "$(TARGET_NAME)";
				TEST_HOST = "$(BUILT_PRODUCTS_DIR)/Drug Delivery.app/Drug Delivery";
			};
			name = Release;
		};
		6818EFA41E36448700407BDA /* Debug */ = {
			isa = XCBuildConfiguration;
			buildSettings = {
				DEVELOPMENT_TEAM = NWLC2M99YQ;
				INFOPLIST_FILE = "Drug DeliveryUITests/Info.plist";
				LD_RUNPATH_SEARCH_PATHS = "$(inherited) @executable_path/Frameworks @loader_path/Frameworks";
				PRODUCT_BUNDLE_IDENTIFIER = "uk.ac.leeds.Drug-DeliveryUITests";
				PRODUCT_NAME = "$(TARGET_NAME)";
				TEST_TARGET_NAME = "Drug Delivery";
			};
			name = Debug;
		};
		6818EFA51E36448700407BDA /* Release */ = {
			isa = XCBuildConfiguration;
			buildSettings = {
				DEVELOPMENT_TEAM = NWLC2M99YQ;
				INFOPLIST_FILE = "Drug DeliveryUITests/Info.plist";
				LD_RUNPATH_SEARCH_PATHS = "$(inherited) @executable_path/Frameworks @loader_path/Frameworks";
				PRODUCT_BUNDLE_IDENTIFIER = "uk.ac.leeds.Drug-DeliveryUITests";
				PRODUCT_NAME = "$(TARGET_NAME)";
				TEST_TARGET_NAME = "Drug Delivery";
			};
			name = Release;
		};
/* End XCBuildConfiguration section */

/* Begin XCConfigurationList section */
		6818EF681E36448700407BDA /* Build configuration list for PBXProject "Drug Delivery" */ = {
			isa = XCConfigurationList;
			buildConfigurations = (
				6818EF9B1E36448700407BDA /* Debug */,
				6818EF9C1E36448700407BDA /* Release */,
			);
			defaultConfigurationIsVisible = 0;
			defaultConfigurationName = Release;
		};
		6818EF9D1E36448700407BDA /* Build configuration list for PBXNativeTarget "Drug Delivery" */ = {
			isa = XCConfigurationList;
			buildConfigurations = (
				6818EF9E1E36448700407BDA /* Debug */,
				6818EF9F1E36448700407BDA /* Release */,
			);
			defaultConfigurationIsVisible = 0;
			defaultConfigurationName = Release;
		};
		6818EFA01E36448700407BDA /* Build configuration list for PBXNativeTarget "Drug DeliveryTests" */ = {
			isa = XCConfigurationList;
			buildConfigurations = (
				6818EFA11E36448700407BDA /* Debug */,
				6818EFA21E36448700407BDA /* Release */,
			);
			defaultConfigurationIsVisible = 0;
			defaultConfigurationName = Release;
		};
		6818EFA31E36448700407BDA /* Build configuration list for PBXNativeTarget "Drug DeliveryUITests" */ = {
			isa = XCConfigurationList;
			buildConfigurations = (
				6818EFA41E36448700407BDA /* Debug */,
				6818EFA51E36448700407BDA /* Release */,
			);
			defaultConfigurationIsVisible = 0;
			defaultConfigurationName = Release;
		};
/* End XCConfigurationList section */

/* Begin XCVersionGroup section */
		6818EFB51E36667C00407BDA /* Model.xcdatamodeld */ = {
			isa = XCVersionGroup;
			children = (
				6818EFB61E36667C00407BDA /* Model.xcdatamodel */,
			);
			currentVersion = 6818EFB61E36667C00407BDA /* Model.xcdatamodel */;
			path = Model.xcdatamodeld;
			sourceTree = "<group>";
			versionGroupType = wrapper.xcdatamodel;
		};
/* End XCVersionGroup section */
	};
	rootObject = 6818EF651E36448700407BDA /* Project object */;
}
