// !$*UTF8*$!
{
	archiveVersion = 1;
	classes = {
	};
	objectVersion = 46;
	objects = {

/* Begin PBXBuildFile section */
		6818EF721E36448700407BDA /* main.m in Sources */ = {isa = PBXBuildFile; fileRef = 6818EF711E36448700407BDA /* main.m */; };
		6818EF751E36448700407BDA /* AppDelegate.m in Sources */ = {isa = PBXBuildFile; fileRef = 6818EF741E36448700407BDA /* AppDelegate.m */; };
		6818EF781E36448700407BDA /* FirstViewController.m in Sources */ = {isa = PBXBuildFile; fileRef = 6818EF771E36448700407BDA /* FirstViewController.m */; };
		6818EF7B1E36448700407BDA /* SecondViewController.m in Sources */ = {isa = PBXBuildFile; fileRef = 6818EF7A1E36448700407BDA /* SecondViewController.m */; };
		6818EF7E1E36448700407BDA /* Main.storyboard in Resources */ = {isa = PBXBuildFile; fileRef = 6818EF7C1E36448700407BDA /* Main.storyboard */; };
		6818EF801E36448700407BDA /* Assets.xcassets in Resources */ = {isa = PBXBuildFile; fileRef = 6818EF7F1E36448700407BDA /* Assets.xcassets */; };
		6818EF831E36448700407BDA /* LaunchScreen.storyboard in Resources */ = {isa = PBXBuildFile; fileRef = 6818EF811E36448700407BDA /* LaunchScreen.storyboard */; };
		6818EF8E1E36448700407BDA /* Drug_DeliveryTests.m in Sources */ = {isa = PBXBuildFile; fileRef = 6818EF8D1E36448700407BDA /* Drug_DeliveryTests.m */; };
		6818EF991E36448700407BDA /* Drug_DeliveryUITests.m in Sources */ = {isa = PBXBuildFile; fileRef = 6818EF981E36448700407BDA /* Drug_DeliveryUITests.m */; };
/* End PBXBuildFile section */

/* Begin PBXContainerItemProxy section */
		6818EF8A1E36448700407BDA /* PBXContainerItemProxy */ = {
			isa = PBXContainerItemProxy;
			containerPortal = 6818EF651E36448700407BDA /* Project object */;
			proxyType = 1;
			remoteGlobalIDString = 6818EF6C1E36448700407BDA;
			remoteInfo = "Drug Delivery";
		};
		6818EF951E36448700407BDA /* PBXContainerItemProxy */ = {
			isa = PBXContainerItemProxy;
			containerPortal = 6818EF651E36448700407BDA /* Project object */;
			proxyType = 1;
			remoteGlobalIDString = 6818EF6C1E36448700407BDA;
			remoteInfo = "Drug Delivery";
		};
/* End PBXContainerItemProxy section */

/* Begin PBXFileReference section */
		6818EF6D1E36448700407BDA /* Drug Delivery.app */ = {isa = PBXFileReference; explicitFileType = wrapper.application; includeInIndex = 0; path = "Drug Delivery.app"; sourceTree = BUILT_PRODUCTS_DIR; };
		6818EF711E36448700407BDA /* main.m */ = {isa = PBXFileReference; lastKnownFileType = sourcecode.c.objc; path = main.m; sourceTree = "<group>"; };
		6818EF731E36448700407BDA /* AppDelegate.h */ = {isa = PBXFileReference; lastKnownFileType = sourcecode.c.h; path = AppDelegate.h; sourceTree = "<group>"; };
		6818EF741E36448700407BDA /* AppDelegate.m */ = {isa = PBXFileReference; lastKnownFileType = sourcecode.c.objc; path = AppDelegate.m; sourceTree = "<group>"; };
		6818EF761E36448700407BDA /* FirstViewController.h */ = {isa = PBXFileReference; lastKnownFileType = sourcecode.c.h; path = FirstViewController.h; sourceTree = "<group>"; };
		6818EF771E36448700407BDA /* FirstViewController.m */ = {isa = PBXFileReference; lastKnownFileType = sourcecode.c.objc; path = FirstViewController.m; sourceTree = "<group>"; };
		6818EF791E36448700407BDA /* SecondViewController.h */ = {isa = PBXFileReference; lastKnownFileType = sourcecode.c.h; path = SecondViewController.h; sourceTree = "<group>"; };
		6818EF7A1E36448700407BDA /* SecondViewController.m */ = {isa = PBXFileReference; lastKnownFileType = sourcecode.c.objc; path = SecondViewController.m; sourceTree = "<group>"; };
		6818EF7D1E36448700407BDA /* Base */ = {isa = PBXFileReference; lastKnownFileType = file.storyboard; name = Base; path = Base.lproj/Main.storyboard; sourceTree = "<group>"; };
		6818EF7F1E36448700407BDA /* Assets.xcassets */ = {isa = PBXFileReference; lastKnownFileType = folder.assetcatalog; path = Assets.xcassets; sourceTree = "<group>"; };
		6818EF821E36448700407BDA /* Base */ = {isa = PBXFileReference; lastKnownFileType = file.storyboard; name = Base; path = Base.lproj/LaunchScreen.storyboard; sourceTree = "<group>"; };
		6818EF841E36448700407BDA /* Info.plist */ = {isa = PBXFileReference; lastKnownFileType = text.plist.xml; path = Info.plist; sourceTree = "<group>"; };
		6818EF891E36448700407BDA /* Drug DeliveryTests.xctest */ = {isa = PBXFileReference; explicitFileType = wrapper.cfbundle; includeInIndex = 0; path = "Drug DeliveryTests.xctest"; sourceTree = BUILT_PRODUCTS_DIR; };
		6818EF8D1E36448700407BDA /* Drug_DeliveryTests.m */ = {isa = PBXFileReference; lastKnownFileType = sourcecode.c.objc; path = Drug_DeliveryTests.m; sourceTree = "<group>"; };
		6818EF8F1E36448700407BDA /* Info.plist */ = {isa = PBXFileReference; lastKnownFileType = text.plist.xml; path = Info.plist; sourceTree = "<group>"; };
		6818EF941E36448700407BDA /* Drug DeliveryUITests.xctest */ = {isa = PBXFileReference; explicitFileType = wrapper.cfbundle; includeInIndex = 0; path = "Drug DeliveryUITests.xctest"; sourceTree = BUILT_PRODUCTS_DIR; };
		6818EF981E36448700407BDA /* Drug_DeliveryUITests.m */ = {isa = PBXFileReference; lastKnownFileType = sourcecode.c.objc; path = Drug_DeliveryUITests.m; sourceTree = "<group>"; };
		6818EF9A1E36448700407BDA /* Info.plist */ = {isa = PBXFileReference; lastKnownFileType = text.plist.xml; path = Info.plist; sourceTree = "<group>"; };
/* End PBXFileReference section */

/* Begin PBXFrameworksBuildPhase section */
		6818EF6A1E36448700407BDA /* Frameworks */ = {
			isa = PBXFrameworksBuildPhase;
			buildActionMask = 2147483647;
			files = (
			);
			runOnlyForDeploymentPostprocessing = 0;
		};
		6818EF861E36448700407BDA /* Frameworks */ = {
			isa = PBXFrameworksBuildPhase;
			buildActionMask = 2147483647;
			files = (
			);
			runOnlyForDeploymentPostprocessing = 0;
		};
		6818EF911E36448700407BDA /* Frameworks */ = {
			isa = PBXFrameworksBuildPhase;
			buildActionMask = 2147483647;
			files = (
			);
			runOnlyForDeploymentPostprocessing = 0;
		};
/* End PBXFrameworksBuildPhase section */

/* Begin PBXGroup section */
		6818EF641E36448700407BDA = {
			isa = PBXGroup;
			children = (
				6818EF6F1E36448700407BDA /* Drug Delivery */,
				6818EF8C1E36448700407BDA /* Drug DeliveryTests */,
				6818EF971E36448700407BDA /* Drug DeliveryUITests */,
				6818EF6E1E36448700407BDA /* Products */,
			);
			sourceTree = "<group>";
		};
		6818EF6E1E36448700407BDA /* Products */ = {
			isa = PBXGroup;
			children = (
				6818EF6D1E36448700407BDA /* Drug Delivery.app */,
				6818EF891E36448700407BDA /* Drug DeliveryTests.xctest */,
				6818EF941E36448700407BDA /* Drug DeliveryUITests.xctest */,
			);
			name = Products;
			sourceTree = "<group>";
		};
		6818EF6F1E36448700407BDA /* Drug Delivery */ = {
			isa = PBXGroup;
			children = (
				6818EF731E36448700407BDA /* AppDelegate.h */,
				6818EF741E36448700407BDA /* AppDelegate.m */,
				6818EF761E36448700407BDA /* FirstViewController.h */,
				6818EF771E36448700407BDA /* FirstViewController.m */,
				6818EF791E36448700407BDA /* SecondViewController.h */,
				6818EF7A1E36448700407BDA /* SecondViewController.m */,
				6818EF7C1E36448700407BDA /* Main.storyboard */,
				6818EF7F1E36448700407BDA /* Assets.xcassets */,
				6818EF811E36448700407BDA /* LaunchScreen.storyboard */,
				6818EF841E36448700407BDA /* Info.plist */,
				6818EF701E36448700407BDA /* Supporting Files */,
			);
			path = "Drug Delivery";
			sourceTree = "<group>";
		};
		6818EF701E36448700407BDA /* Supporting Files */ = {
			isa = PBXGroup;
			children = (
				6818EF711E36448700407BDA /* main.m */,
			);
			name = "Supporting Files";
			sourceTree = "<group>";
		};
		6818EF8C1E36448700407BDA /* Drug DeliveryTests */ = {
			isa = PBXGroup;
			children = (
				6818EF8D1E36448700407BDA /* Drug_DeliveryTests.m */,
				6818EF8F1E36448700407BDA /* Info.plist */,
			);
			path = "Drug DeliveryTests";
			sourceTree = "<group>";
		};
		6818EF971E36448700407BDA /* Drug DeliveryUITests */ = {
			isa = PBXGroup;
			children = (
				6818EF981E36448700407BDA /* Drug_DeliveryUITests.m */,
				6818EF9A1E36448700407BDA /* Info.plist */,
			);
			path = "Drug DeliveryUITests";
			sourceTree = "<group>";
		};
/* End PBXGroup section */

/* Begin PBXNativeTarget section */
		6818EF6C1E36448700407BDA /* Drug Delivery */ = {
			isa = PBXNativeTarget;
			buildConfigurationList = 6818EF9D1E36448700407BDA /* Build configuration list for PBXNativeTarget "Drug Delivery" */;
			buildPhases = (
				6818EF691E36448700407BDA /* Sources */,
				6818EF6A1E36448700407BDA /* Frameworks */,
				6818EF6B1E36448700407BDA /* Resources */,
			);
			buildRules = (
			);
			dependencies = (
			);
			name = "Drug Delivery";
			productName = "Drug Delivery";
			productReference = 6818EF6D1E36448700407BDA /* Drug Delivery.app */;
			productType = "com.apple.product-type.application";
		};
		6818EF881E36448700407BDA /* Drug DeliveryTests */ = {
			isa = PBXNativeTarget;
			buildConfigurationList = 6818EFA01E36448700407BDA /* Build configuration list for PBXNativeTarget "Drug DeliveryTests" */;
			buildPhases = (
				6818EF851E36448700407BDA /* Sources */,
				6818EF861E36448700407BDA /* Frameworks */,
				6818EF871E36448700407BDA /* Resources */,
			);
			buildRules = (
			);
			dependencies = (
				6818EF8B1E36448700407BDA /* PBXTargetDependency */,
			);
			name = "Drug DeliveryTests";
			productName = "Drug DeliveryTests";
			productReference = 6818EF891E36448700407BDA /* Drug DeliveryTests.xctest */;
			productType = "com.apple.product-type.bundle.unit-test";
		};
		6818EF931E36448700407BDA /* Drug DeliveryUITests */ = {
			isa = PBXNativeTarget;
			buildConfigurationList = 6818EFA31E36448700407BDA /* Build configuration list for PBXNativeTarget "Drug DeliveryUITests" */;
			buildPhases = (
				6818EF901E36448700407BDA /* Sources */,
				6818EF911E36448700407BDA /* Frameworks */,
				6818EF921E36448700407BDA /* Resources */,
			);
			buildRules = (
			);
			dependencies = (
				6818EF961E36448700407BDA /* PBXTargetDependency */,
			);
			name = "Drug DeliveryUITests";
			productName = "Drug DeliveryUITests";
			productReference = 6818EF941E36448700407BDA /* Drug DeliveryUITests.xctest */;
			productType = "com.apple.product-type.bundle.ui-testing";
		};
/* End PBXNativeTarget section */

/* Begin PBXProject section */
		6818EF651E36448700407BDA /* Project object */ = {
			isa = PBXProject;
			attributes = {
				LastUpgradeCheck = 0820;
				ORGANIZATIONNAME = "University of Leeds";
				TargetAttributes = {
					6818EF6C1E36448700407BDA = {
						CreatedOnToolsVersion = 8.2.1;
						DevelopmentTeam = NWLC2M99YQ;
						ProvisioningStyle = Automatic;
					};
					6818EF881E36448700407BDA = {
						CreatedOnToolsVersion = 8.2.1;
						DevelopmentTeam = NWLC2M99YQ;
						ProvisioningStyle = Automatic;
						TestTargetID = 6818EF6C1E36448700407BDA;
					};
					6818EF931E36448700407BDA = {
						CreatedOnToolsVersion = 8.2.1;
						DevelopmentTeam = NWLC2M99YQ;
						ProvisioningStyle = Automatic;
						TestTargetID = 6818EF6C1E36448700407BDA;
					};
				};
			};
			buildConfigurationList = 6818EF681E36448700407BDA /* Build configuration list for PBXProject "Drug Delivery" */;
			compatibilityVersion = "Xcode 3.2";
			developmentRegion = English;
			hasScannedForEncodings = 0;
			knownRegions = (
				en,
				Base,
			);
			mainGroup = 6818EF641E36448700407BDA;
			productRefGroup = 6818EF6E1E36448700407BDA /* Products */;
			projectDirPath = "";
			projectRoot = "";
			targets = (
				6818EF6C1E36448700407BDA /* Drug Delivery */,
				6818EF881E36448700407BDA /* Drug DeliveryTests */,
				6818EF931E36448700407BDA /* Drug DeliveryUITests */,
			);
		};
/* End PBXProject section */

/* Begin PBXResourcesBuildPhase section */
		6818EF6B1E36448700407BDA /* Resources */ = {
			isa = PBXResourcesBuildPhase;
			buildActionMask = 2147483647;
			files = (
				6818EF831E36448700407BDA /* LaunchScreen.storyboard in Resources */,
				6818EF801E36448700407BDA /* Assets.xcassets in Resources */,
				6818EF7E1E36448700407BDA /* Main.storyboard in Resources */,
			);
			runOnlyForDeploymentPostprocessing = 0;
		};
		6818EF871E36448700407BDA /* Resources */ = {
			isa = PBXResourcesBuildPhase;
			buildActionMask = 2147483647;
			files = (
			);
			runOnlyForDeploymentPostprocessing = 0;
		};
		6818EF921E36448700407BDA /* Resources */ = {
			isa = PBXResourcesBuildPhase;
			buildActionMask = 2147483647;
			files = (
			);
			runOnlyForDeploymentPostprocessing = 0;
		};
/* End PBXResourcesBuildPhase section */

/* Begin PBXSourcesBuildPhase section */
		6818EF691E36448700407BDA /* Sources */ = {
			isa = PBXSourcesBuildPhase;
			buildActionMask = 2147483647;
			files = (
				6818EF7B1E36448700407BDA /* SecondViewController.m in Sources */,
				6818EF751E36448700407BDA /* AppDelegate.m in Sources */,
				6818EF781E36448700407BDA /* FirstViewController.m in Sources */,
				6818EF721E36448700407BDA /* main.m in Sources */,
			);
			runOnlyForDeploymentPostprocessing = 0;
		};
		6818EF851E36448700407BDA /* Sources */ = {
			isa = PBXSourcesBuildPhase;
			buildActionMask = 2147483647;
			files = (
				6818EF8E1E36448700407BDA /* Drug_DeliveryTests.m in Sources */,
			);
			runOnlyForDeploymentPostprocessing = 0;
		};
		6818EF901E36448700407BDA /* Sources */ = {
			isa = PBXSourcesBuildPhase;
			buildActionMask = 2147483647;
			files = (
				6818EF991E36448700407BDA /* Drug_DeliveryUITests.m in Sources */,
			);
			runOnlyForDeploymentPostprocessing = 0;
		};
/* End PBXSourcesBuildPhase section */

/* Begin PBXTargetDependency section */
		6818EF8B1E36448700407BDA /* PBXTargetDependency */ = {
			isa = PBXTargetDependency;
			target = 6818EF6C1E36448700407BDA /* Drug Delivery */;
			targetProxy = 6818EF8A1E36448700407BDA /* PBXContainerItemProxy */;
		};
		6818EF961E36448700407BDA /* PBXTargetDependency */ = {
			isa = PBXTargetDependency;
			target = 6818EF6C1E36448700407BDA /* Drug Delivery */;
			targetProxy = 6818EF951E36448700407BDA /* PBXContainerItemProxy */;
		};
/* End PBXTargetDependency section */

/* Begin PBXVariantGroup section */
		6818EF7C1E36448700407BDA /* Main.storyboard */ = {
			isa = PBXVariantGroup;
			children = (
				6818EF7D1E36448700407BDA /* Base */,
			);
			name = Main.storyboard;
			sourceTree = "<group>";
		};
		6818EF811E36448700407BDA /* LaunchScreen.storyboard */ = {
			isa = PBXVariantGroup;
			children = (
				6818EF821E36448700407BDA /* Base */,
			);
			name = LaunchScreen.storyboard;
			sourceTree = "<group>";
		};
/* End PBXVariantGroup section */

/* Begin XCBuildConfiguration section */
		6818EF9B1E36448700407BDA /* Debug */ = {
			isa = XCBuildConfiguration;
			buildSettings = {
				ALWAYS_SEARCH_USER_PATHS = NO;
				CLANG_ANALYZER_NONNULL = YES;
				CLANG_CXX_LANGUAGE_STANDARD = "gnu++0x";
				CLANG_CXX_LIBRARY = "libc++";
				CLANG_ENABLE_MODULES = YES;
				CLANG_ENABLE_OBJC_ARC = YES;
				CLANG_WARN_BOOL_CONVERSION = YES;
				CLANG_WARN_CONSTANT_CONVERSION = YES;
				CLANG_WARN_DIRECT_OBJC_ISA_USAGE = YES_ERROR;
				CLANG_WARN_DOCUMENTATION_COMMENTS = YES;
				CLANG_WARN_EMPTY_BODY = YES;
				CLANG_WARN_ENUM_CONVERSION = YES;
				CLANG_WARN_INFINITE_RECURSION = YES;
				CLANG_WARN_INT_CONVERSION = YES;
				CLANG_WARN_OBJC_ROOT_CLASS = YES_ERROR;
				CLANG_WARN_SUSPICIOUS_MOVE = YES;
				CLANG_WARN_UNREACHABLE_CODE = YES;
				CLANG_WARN__DUPLICATE_METHOD_MATCH = YES;
				"CODE_SIGN_IDENTITY[sdk=iphoneos*]" = "iPhone Developer";
				COPY_PHASE_STRIP = NO;
				DEBUG_INFORMATION_FORMAT = dwarf;
				ENABLE_STRICT_OBJC_MSGSEND = YES;
				ENABLE_TESTABILITY = YES;
				GCC_C_LANGUAGE_STANDARD = gnu99;
				GCC_DYNAMIC_NO_PIC = NO;
				GCC_NO_COMMON_BLOCKS = YES;
				GCC_OPTIMIZATION_LEVEL = 0;
				GCC_PREPROCESSOR_DEFINITIONS = (
					"DEBUG=1",
					"$(inherited)",
				);
				GCC_WARN_64_TO_32_BIT_CONVERSION = YES;
				GCC_WARN_ABOUT_RETURN_TYPE = YES_ERROR;
				GCC_WARN_UNDECLARED_SELECTOR = YES;
				GCC_WARN_UNINITIALIZED_AUTOS = YES_AGGRESSIVE;
				GCC_WARN_UNUSED_FUNCTION = YES;
				GCC_WARN_UNUSED_VARIABLE = YES;
				IPHONEOS_DEPLOYMENT_TARGET = 10.2;
				MTL_ENABLE_DEBUG_INFO = YES;
				ONLY_ACTIVE_ARCH = YES;
				SDKROOT = iphoneos;
				TARGETED_DEVICE_FAMILY = "1,2";
			};
			name = Debug;
		};
		6818EF9C1E36448700407BDA /* Release */ = {
			isa = XCBuildConfiguration;
			buildSettings = {
				ALWAYS_SEARCH_USER_PATHS = NO;
				CLANG_ANALYZER_NONNULL = YES;
				CLANG_CXX_LANGUAGE_STANDARD = "gnu++0x";
				CLANG_CXX_LIBRARY = "libc++";
				CLANG_ENABLE_MODULES = YES;
				CLANG_ENABLE_OBJC_ARC = YES;
				CLANG_WARN_BOOL_CONVERSION = YES;
				CLANG_WARN_CONSTANT_CONVERSION = YES;
				CLANG_WARN_DIRECT_OBJC_ISA_USAGE = YES_ERROR;
				CLANG_WARN_DOCUMENTATION_COMMENTS = YES;
				CLANG_WARN_EMPTY_BODY = YES;
				CLANG_WARN_ENUM_CONVERSION = YES;
				CLANG_WARN_INFINITE_RECURSION = YES;
				CLANG_WARN_INT_CONVERSION = YES;
				CLANG_WARN_OBJC_ROOT_CLASS = YES_ERROR;
				CLANG_WARN_SUSPICIOUS_MOVE = YES;
				CLANG_WARN_UNREACHABLE_CODE = YES;
				CLANG_WARN__DUPLICATE_METHOD_MATCH = YES;
				"CODE_SIGN_IDENTITY[sdk=iphoneos*]" = "iPhone Developer";
				COPY_PHASE_STRIP = NO;
				DEBUG_INFORMATION_FORMAT = "dwarf-with-dsym";
				ENABLE_NS_ASSERTIONS = NO;
				ENABLE_STRICT_OBJC_MSGSEND = YES;
				GCC_C_LANGUAGE_STANDARD = gnu99;
				GCC_NO_COMMON_BLOCKS = YES;
				GCC_WARN_64_TO_32_BIT_CONVERSION = YES;
				GCC_WARN_ABOUT_RETURN_TYPE = YES_ERROR;
				GCC_WARN_UNDECLARED_SELECTOR = YES;
				GCC_WARN_UNINITIALIZED_AUTOS = YES_AGGRESSIVE;
				GCC_WARN_UNUSED_FUNCTION = YES;
				GCC_WARN_UNUSED_VARIABLE = YES;
				IPHONEOS_DEPLOYMENT_TARGET = 10.2;
				MTL_ENABLE_DEBUG_INFO = NO;
				SDKROOT = iphoneos;
				TARGETED_DEVICE_FAMILY = "1,2";
				VALIDATE_PRODUCT = YES;
			};
			name = Release;
		};
		6818EF9E1E36448700407BDA /* Debug */ = {
			isa = XCBuildConfiguration;
			buildSettings = {
				ASSETCATALOG_COMPILER_APPICON_NAME = AppIcon;
				DEVELOPMENT_TEAM = NWLC2M99YQ;
				INFOPLIST_FILE = "Drug Delivery/Info.plist";
				LD_RUNPATH_SEARCH_PATHS = "$(inherited) @executable_path/Frameworks";
				PRODUCT_BUNDLE_IDENTIFIER = "uk.ac.leeds.Drug-Delivery";
				PRODUCT_NAME = "$(TARGET_NAME)";
			};
			name = Debug;
		};
		6818EF9F1E36448700407BDA /* Release */ = {
			isa = XCBuildConfiguration;
			buildSettings = {
				ASSETCATALOG_COMPILER_APPICON_NAME = AppIcon;
				DEVELOPMENT_TEAM = NWLC2M99YQ;
				INFOPLIST_FILE = "Drug Delivery/Info.plist";
				LD_RUNPATH_SEARCH_PATHS = "$(inherited) @executable_path/Frameworks";
				PRODUCT_BUNDLE_IDENTIFIER = "uk.ac.leeds.Drug-Delivery";
				PRODUCT_NAME = "$(TARGET_NAME)";
			};
			name = Release;
		};
		6818EFA11E36448700407BDA /* Debug */ = {
			isa = XCBuildConfiguration;
			buildSettings = {
				BUNDLE_LOADER = "$(TEST_HOST)";
				DEVELOPMENT_TEAM = NWLC2M99YQ;
				INFOPLIST_FILE = "Drug DeliveryTests/Info.plist";
				LD_RUNPATH_SEARCH_PATHS = "$(inherited) @executable_path/Frameworks @loader_path/Frameworks";
				PRODUCT_BUNDLE_IDENTIFIER = "uk.ac.leeds.Drug-DeliveryTests";
				PRODUCT_NAME = "$(TARGET_NAME)";
				TEST_HOST = "$(BUILT_PRODUCTS_DIR)/Drug Delivery.app/Drug Delivery";
			};
			name = Debug;
		};
		6818EFA21E36448700407BDA /* Release */ = {
			isa = XCBuildConfiguration;
			buildSettings = {
				BUNDLE_LOADER = "$(TEST_HOST)";
				DEVELOPMENT_TEAM = NWLC2M99YQ;
				INFOPLIST_FILE = "Drug DeliveryTests/Info.plist";
				LD_RUNPATH_SEARCH_PATHS = "$(inherited) @executable_path/Frameworks @loader_path/Frameworks";
				PRODUCT_BUNDLE_IDENTIFIER = "uk.ac.leeds.Drug-DeliveryTests";
				PRODUCT_NAME = "$(TARGET_NAME)";
				TEST_HOST = "$(BUILT_PRODUCTS_DIR)/Drug Delivery.app/Drug Delivery";
			};
			name = Release;
		};
		6818EFA41E36448700407BDA /* Debug */ = {
			isa = XCBuildConfiguration;
			buildSettings = {
				DEVELOPMENT_TEAM = NWLC2M99YQ;
				INFOPLIST_FILE = "Drug DeliveryUITests/Info.plist";
				LD_RUNPATH_SEARCH_PATHS = "$(inherited) @executable_path/Frameworks @loader_path/Frameworks";
				PRODUCT_BUNDLE_IDENTIFIER = "uk.ac.leeds.Drug-DeliveryUITests";
				PRODUCT_NAME = "$(TARGET_NAME)";
				TEST_TARGET_NAME = "Drug Delivery";
			};
			name = Debug;
		};
		6818EFA51E36448700407BDA /* Release */ = {
			isa = XCBuildConfiguration;
			buildSettings = {
				DEVELOPMENT_TEAM = NWLC2M99YQ;
				INFOPLIST_FILE = "Drug DeliveryUITests/Info.plist";
				LD_RUNPATH_SEARCH_PATHS = "$(inherited) @executable_path/Frameworks @loader_path/Frameworks";
				PRODUCT_BUNDLE_IDENTIFIER = "uk.ac.leeds.Drug-DeliveryUITests";
				PRODUCT_NAME = "$(TARGET_NAME)";
				TEST_TARGET_NAME = "Drug Delivery";
			};
			name = Release;
		};
/* End XCBuildConfiguration section */

/* Begin XCConfigurationList section */
		6818EF681E36448700407BDA /* Build configuration list for PBXProject "Drug Delivery" */ = {
			isa = XCConfigurationList;
			buildConfigurations = (
				6818EF9B1E36448700407BDA /* Debug */,
				6818EF9C1E36448700407BDA /* Release */,
			);
			defaultConfigurationIsVisible = 0;
			defaultConfigurationName = Release;
		};
		6818EF9D1E36448700407BDA /* Build configuration list for PBXNativeTarget "Drug Delivery" */ = {
			isa = XCConfigurationList;
			buildConfigurations = (
				6818EF9E1E36448700407BDA /* Debug */,
				6818EF9F1E36448700407BDA /* Release */,
			);
			defaultConfigurationIsVisible = 0;
		};
		6818EFA01E36448700407BDA /* Build configuration list for PBXNativeTarget "Drug DeliveryTests" */ = {
			isa = XCConfigurationList;
			buildConfigurations = (
				6818EFA11E36448700407BDA /* Debug */,
				6818EFA21E36448700407BDA /* Release */,
			);
			defaultConfigurationIsVisible = 0;
		};
		6818EFA31E36448700407BDA /* Build configuration list for PBXNativeTarget "Drug DeliveryUITests" */ = {
			isa = XCConfigurationList;
			buildConfigurations = (
				6818EFA41E36448700407BDA /* Debug */,
				6818EFA51E36448700407BDA /* Release */,
			);
			defaultConfigurationIsVisible = 0;
		};
/* End XCConfigurationList section */
	};
	rootObject = 6818EF651E36448700407BDA /* Project object */;
}
